<?xml version="1.0" encoding="utf-8"?>
<Project ToolsVersion="4.0" xmlns="http://schemas.microsoft.com/developer/msbuild/2003">
  <ItemGroup>
    <Filter Include="Source Files">
      <UniqueIdentifier>{4FC737F1-C7A5-4376-A066-2A32D752A2FF}</UniqueIdentifier>
      <Extensions>cpp;c;cc;cxx;def;odl;idl;hpj;bat;asm;asmx</Extensions>
    </Filter>
    <Filter Include="Header Files">
      <UniqueIdentifier>{93995380-89BD-4b04-88EB-625FBE52EBFB}</UniqueIdentifier>
      <Extensions>h;hh;hpp;hxx;hm;inl;inc;ipp;xsd</Extensions>
    </Filter>
    <Filter Include="Resource Files">
      <UniqueIdentifier>{67DA6AB6-F800-4c08-8B7A-83BB121AAD01}</UniqueIdentifier>
      <Extensions>rc;ico;cur;bmp;dlg;rc2;rct;bin;rgs;gif;jpg;jpeg;jpe;resx;tiff;tif;png;wav;mfcribbon-ms</Extensions>
    </Filter>
  </ItemGroup>
  <ItemGroup>
    <ClCompile Include="shapegame\deps\glad.c">
      <Filter>Source Files</Filter>
    </ClCompile>
    <ClCompile Include="rotation-example.cpp">
      <Filter>Source Files</Filter>
    </ClCompile>
  </ItemGroup>
  <ItemGroup>
    <ClInclude Include="shapegame\deps\GL\glcorearb.h">
      <Filter>Header Files</Filter>
    </ClInclude>
    <ClInclude Include="shapegame\deps\glad\glad.h">
      <Filter>Header Files</Filter>
    </ClInclude>
    <ClInclude Include="shapegame\deps\glfw-win\include\GLFW\glfw3.h">
      <Filter>Header Files</Filter>
    </ClInclude>
    <ClInclude Include="shapegame\deps\glfw-win\include\GLFW\glfw3native.h">
      <Filter>Header Files</Filter>
    </ClInclude>
    <ClInclude Include="shapegame\include\CollisionList.hpp">
      <Filter>Header Files</Filter>
    </ClInclude>
    <ClInclude Include="shapegame\include\CollisionTree.hpp">
      <Filter>Header Files</Filter>
    </ClInclude>
    <ClInclude Include="shapegame\include\Color.hpp">
      <Filter>Header Files</Filter>
    </ClInclude>
    <ClInclude Include="shapegame\include\Component.hpp">
      <Filter>Header Files</Filter>
    </ClInclude>
    <ClInclude Include="shapegame\include\Debug.hpp">
      <Filter>Header Files</Filter>
    </ClInclude>
    <ClInclude Include="shapegame\include\DebugKeyHandler.hpp">
      <Filter>Header Files</Filter>
    </ClInclude>
    <ClInclude Include="shapegame\include\Dirtyable.hpp">
      <Filter>Header Files</Filter>
    </ClInclude>
    <ClInclude Include="shapegame\include\Drawable.hpp">
      <Filter>Header Files</Filter>
    </ClInclude>
    <ClInclude Include="shapegame\include\Entity.hpp">
      <Filter>Header Files</Filter>
    </ClInclude>
    <ClInclude Include="shapegame\include\FileUtil.hpp">
      <Filter>Header Files</Filter>
    </ClInclude>
    <ClInclude Include="shapegame\include\Game.hpp">
      <Filter>Header Files</Filter>
    </ClInclude>
    <ClInclude Include="shapegame\include\GLHandler.hpp">
      <Filter>Header Files</Filter>
    </ClInclude>
    <ClInclude Include="shapegame\include\GLHandlerImpl.hpp">
      <Filter>Header Files</Filter>
    </ClInclude>
    <ClInclude Include="shapegame\include\Globals.hpp">
      <Filter>Header Files</Filter>
    </ClInclude>
    <ClInclude Include="shapegame\include\GLRenderObject.hpp">
      <Filter>Header Files</Filter>
    </ClInclude>
    <ClInclude Include="shapegame\include\Input.hpp">
      <Filter>Header Files</Filter>
    </ClInclude>
    <ClInclude Include="shapegame\include\IWindow.hpp">
      <Filter>Header Files</Filter>
    </ClInclude>
    <ClInclude Include="shapegame\include\MultiShape.hpp">
      <Filter>Header Files</Filter>
    </ClInclude>
    <ClInclude Include="shapegame\include\NullGLHandler.hpp">
      <Filter>Header Files</Filter>
    </ClInclude>
    <ClInclude Include="shapegame\include\NullRenderer.hpp">
      <Filter>Header Files</Filter>
    </ClInclude>
    <ClInclude Include="shapegame\include\NullWindow.hpp">
      <Filter>Header Files</Filter>
    </ClInclude>
    <ClInclude Include="shapegame\include\Object.hpp">
      <Filter>Header Files</Filter>
    </ClInclude>
    <ClInclude Include="shapegame\include\Point.hpp">
      <Filter>Header Files</Filter>
    </ClInclude>
    <ClInclude Include="shapegame\include\Position.hpp">
      <Filter>Header Files</Filter>
    </ClInclude>
    <ClInclude Include="shapegame\include\Quad.hpp">
      <Filter>Header Files</Filter>
    </ClInclude>
    <ClInclude Include="shapegame\include\Rectangle.hpp">
      <Filter>Header Files</Filter>
    </ClInclude>
    <ClInclude Include="shapegame\include\RenderPackage.hpp">
      <Filter>Header Files</Filter>
    </ClInclude>
    <ClInclude Include="shapegame\include\Scene.hpp">
      <Filter>Header Files</Filter>
    </ClInclude>
    <ClInclude Include="shapegame\include\ShaderHandler.hpp">
      <Filter>Header Files</Filter>
    </ClInclude>
    <ClInclude Include="shapegame\include\Shape.hpp">
      <Filter>Header Files</Filter>
    </ClInclude>
    <ClInclude Include="shapegame\include\shapegame.hpp">
      <Filter>Header Files</Filter>
    </ClInclude>
    <ClInclude Include="shapegame\include\shapegl.hpp">
      <Filter>Header Files</Filter>
    </ClInclude>
    <ClInclude Include="shapegame\include\ShapePair.hpp">
      <Filter>Header Files</Filter>
    </ClInclude>
    <ClInclude Include="shapegame\include\SimpleCollision.hpp">
      <Filter>Header Files</Filter>
    </ClInclude>
    <ClInclude Include="shapegame\include\Square.hpp">
      <Filter>Header Files</Filter>
    </ClInclude>
    <ClInclude Include="shapegame\include\Timer.hpp">
      <Filter>Header Files</Filter>
    </ClInclude>
    <ClInclude Include="shapegame\include\Tree.hpp">
      <Filter>Header Files</Filter>
    </ClInclude>
    <ClInclude Include="shapegame\include\Triangle.hpp">
      <Filter>Header Files</Filter>
    </ClInclude>
    <ClInclude Include="shapegame\include\TriangleIsosceles.hpp">
      <Filter>Header Files</Filter>
    </ClInclude>
    <ClInclude Include="shapegame\include\VertexGenerator.hpp">
      <Filter>Header Files</Filter>
    </ClInclude>
    <ClInclude Include="shapegame\include\Window.hpp">
      <Filter>Header Files</Filter>
    </ClInclude>
    <ClInclude Include="shapegame\include\Circle.hpp">
      <Filter>Header Files</Filter>
    </ClInclude>
  </ItemGroup>
  <ItemGroup>
    <CopyFileToFolders Include="shapegame\platform\win\glfw3.dll" />
  </ItemGroup>
</Project>