
Microsoft Visual Studio Solution File, Format Version 12.00
# Visual Studio Version 16
VisualStudioVersion = 16.0.29306.81
MinimumVisualStudioVersion = 10.0.40219.1
Project("{8BC9CEB8-8B4A-11D0-8D11-00A0C91BC942}") = "shapegame-example", "shapegame-example.vcxproj", "{D730957F-5BC0-468C-8373-06A55F725E02}"
EndProject
Global
	GlobalSection(SolutionConfigurationPlatforms) = preSolution
		Debug|x64 = Debug|x64
		Debug|x86 = Debug|x86
		Release|x64 = Release|x64
		Release|x86 = Release|x86
	EndGlobalSection
	GlobalSection(ProjectConfigurationPlatforms) = postSolution
		{D730957F-5BC0-468C-8373-06A55F725E02}.Debug|x64.ActiveCfg = Debug|x64
		{D730957F-5BC0-468C-8373-06A55F725E02}.Debug|x64.Build.0 = Debug|x64
		{D730957F-5BC0-468C-8373-06A55F725E02}.Debug|x86.ActiveCfg = Debug|Win32
		{D730957F-5BC0-468C-8373-06A55F725E02}.Debug|x86.Build.0 = Debug|Win32
		{D730957F-5BC0-468C-8373-06A55F725E02}.Release|x64.ActiveCfg = Release|x64
		{D730957F-5BC0-468C-8373-06A55F725E02}.Release|x64.Build.0 = Release|x64
		{D730957F-5BC0-468C-8373-06A55F725E02}.Release|x86.ActiveCfg = Release|Win32
		{D730957F-5BC0-468C-8373-06A55F725E02}.Release|x86.Build.0 = Release|Win32
	EndGlobalSection
	GlobalSection(SolutionProperties) = preSolution
		HideSolutionNode = FALSE
	EndGlobalSection
	GlobalSection(ExtensibilityGlobals) = postSolution
		SolutionGuid = {7F96F71F-9F9D-4C40-B651-2B3F5C1BC5C2}
	EndGlobalSection
EndGlobal
